
Microsoft Visual Studio Solution File, Format Version 12.00
# Visual Studio Version 16
VisualStudioVersion = 16.0.32510.428
MinimumVisualStudioVersion = 10.0.40219.1
Project("{FAE04EC0-301F-11D3-BF4B-00C04F79EFBC}") = "DefaultDialogs", "DefaultDialogs\DefaultDialogs.csproj", "{B2C6E25E-2899-4737-8D04-914EA9777FD8}"
EndProject
Global
	GlobalSection(SolutionConfigurationPlatforms) = preSolution
		Debug|Any CPU = Debug|Any CPU
		Release|Any CPU = Release|Any CPU
	EndGlobalSection
	GlobalSection(ProjectConfigurationPlatforms) = postSolution
		{B2C6E25E-2899-4737-8D04-914EA9777FD8}.Debug|Any CPU.ActiveCfg = Debug|Any CPU
		{B2C6E25E-2899-4737-8D04-914EA9777FD8}.Debug|Any CPU.Build.0 = Debug|Any CPU
		{B2C6E25E-2899-4737-8D04-914EA9777FD8}.Release|Any CPU.ActiveCfg = Release|Any CPU
		{B2C6E25E-2899-4737-8D04-914EA9777FD8}.Release|Any CPU.Build.0 = Release|Any CPU
	EndGlobalSection
	GlobalSection(SolutionProperties) = preSolution
		HideSolutionNode = FALSE
	EndGlobalSection
	GlobalSection(ExtensibilityGlobals) = postSolution
		SolutionGuid = {3C739778-F10C-4944-A149-2483E68E3A79}
	EndGlobalSection
EndGlobal
